{
    "version": 3,
    "terraform_version": "0.12.31",
    "serial": 1,
    "lineage": "b00d635e-ed46-5629-0f3b-ad0deb421e87",
    "modules": [
        {
            "path": [
                "root"
            ],
            "outputs": {
                "google_compute_instance_tfer--app-1_self_link": {
                    "sensitive": false,
                    "type": "string",
                    "value": "https://www.googleapis.com/compute/v1/projects/data-infinity-374414/zones/europe-west6-a/instances/app-1"
                },
                "google_compute_instance_tfer--app-2_self_link": {
                    "sensitive": false,
                    "type": "string",
                    "value": "https://www.googleapis.com/compute/v1/projects/data-infinity-374414/zones/europe-west6-a/instances/app-2"
                },
                "google_compute_instance_tfer--jenkinsu_self_link": {
                    "sensitive": false,
                    "type": "string",
                    "value": "https://www.googleapis.com/compute/v1/projects/data-infinity-374414/zones/europe-west6-a/instances/jenkinsu"
                }
            },
            "resources": {
                "google_compute_instance.tfer--app-1": {
                    "type": "google_compute_instance",
                    "depends_on": [],
                    "primary": {
                        "id": "projects/data-infinity-374414/zones/europe-west6-a/instances/app-1",
                        "attributes": {
                            "advanced_machine_features.#": "0",
                            "attached_disk.#": "0",
                            "boot_disk.#": "1",
                            "boot_disk.0.auto_delete": "true",
                            "boot_disk.0.device_name": "app-1",
                            "boot_disk.0.disk_encryption_key_raw": "",
                            "boot_disk.0.disk_encryption_key_sha256": "",
                            "boot_disk.0.initialize_params.#": "1",
                            "boot_disk.0.initialize_params.0.image": "https://www.googleapis.com/compute/v1/projects/centos-cloud/global/images/centos-7-v20230203",
                            "boot_disk.0.initialize_params.0.labels.%": "0",
                            "boot_disk.0.initialize_params.0.size": "20",
                            "boot_disk.0.initialize_params.0.type": "pd-balanced",
                            "boot_disk.0.kms_key_self_link": "",
                            "boot_disk.0.mode": "READ_WRITE",
                            "boot_disk.0.source": "https://www.googleapis.com/compute/v1/projects/data-infinity-374414/zones/europe-west6-a/disks/app-1",
                            "can_ip_forward": "false",
                            "confidential_instance_config.#": "1",
                            "confidential_instance_config.0.enable_confidential_compute": "false",
                            "cpu_platform": "Intel Broadwell",
                            "current_status": "RUNNING",
                            "deletion_protection": "false",
                            "description": "",
                            "enable_display": "false",
                            "guest_accelerator.#": "0",
                            "hostname": "",
                            "id": "projects/data-infinity-374414/zones/europe-west6-a/instances/app-1",
                            "instance_id": "654966456932629908",
                            "label_fingerprint": "-ITvvbWD_xo=",
                            "labels.%": "1",
                            "labels.app": "",
                            "machine_type": "e2-micro",
                            "metadata.%": "1",
                            "metadata.ssh-keys": "al3x961:ecdsa-sha2-nistp256 AAAAE2VjZHNhLXNoYTItbmlzdHAyNTYAAAAIbmlzdHAyNTYAAABBBIhA4tpqAkv0haZgyeAaEqKDbhzwg5z9scBb6jcNwD3z0muca6GX4jDoQusUAri4VCz8L+dL8dJQopAnmc8/Zxo= google-ssh {\"userName\":\"al3x961@gmail.com\",\"expireOn\":\"2023-02-21T18:40:40+0000\"}\nal3x961:ssh-rsa AAAAB3NzaC1yc2EAAAADAQABAAABAGkk3VaC3BqAzymPnJM9kHTBO6Auit+06IZ14jZlnDt9lK/RIi4uK6hWF3Amik2yrJr4XaqbLy2t9MtNYOThyy9QYS1lyC2k/RsQK9BVrkJCQ5orQHNp0Fh3GU9GZc0mO6Z6CqOxP+4kaLuQo2DKqZ/Zz1WyX7KjUKhqLn9FdQ5vsxdZgPskmUumBVPLvTs+HKNQalwV4cu4gswLXYdcKTwT8qeDcys2XZRi3K7b/I+YfrDuZRxLaWAbwLyLUbRi20Q/1X9bBgZcOKBbukqUU4QOOBW2YWfYj4VuneHSvqm1g+PweV9gLg5i6ckcojFpmP1ENCkuZzO62zyE2KpjF2k= google-ssh {\"userName\":\"al3x961@gmail.com\",\"expireOn\":\"2023-02-21T18:40:54+0000\"}",
                            "metadata_fingerprint": "_mCxmq4CLv4=",
                            "min_cpu_platform": "",
                            "name": "app-1",
                            "network_interface.#": "1",
                            "network_interface.0.access_config.#": "1",
                            "network_interface.0.access_config.0.nat_ip": "34.65.30.203",
                            "network_interface.0.access_config.0.network_tier": "PREMIUM",
                            "network_interface.0.access_config.0.public_ptr_domain_name": "",
                            "network_interface.0.alias_ip_range.#": "0",
                            "network_interface.0.ipv6_access_config.#": "0",
                            "network_interface.0.ipv6_access_type": "",
                            "network_interface.0.name": "nic0",
                            "network_interface.0.network": "https://www.googleapis.com/compute/v1/projects/data-infinity-374414/global/networks/default",
                            "network_interface.0.network_ip": "10.172.0.3",
                            "network_interface.0.nic_type": "",
                            "network_interface.0.queue_count": "0",
                            "network_interface.0.stack_type": "IPV4_ONLY",
                            "network_interface.0.subnetwork": "https://www.googleapis.com/compute/v1/projects/data-infinity-374414/regions/europe-west6/subnetworks/default",
                            "network_interface.0.subnetwork_project": "data-infinity-374414",
                            "project": "data-infinity-374414",
                            "reservation_affinity.#": "1",
                            "reservation_affinity.0.specific_reservation.#": "0",
                            "reservation_affinity.0.type": "ANY_RESERVATION",
                            "resource_policies.#": "0",
                            "scheduling.#": "1",
                            "scheduling.0.automatic_restart": "true",
                            "scheduling.0.instance_termination_action": "",
                            "scheduling.0.min_node_cpus": "0",
                            "scheduling.0.node_affinities.#": "0",
                            "scheduling.0.on_host_maintenance": "MIGRATE",
                            "scheduling.0.preemptible": "false",
                            "scheduling.0.provisioning_model": "STANDARD",
                            "scratch_disk.#": "0",
                            "self_link": "https://www.googleapis.com/compute/v1/projects/data-infinity-374414/zones/europe-west6-a/instances/app-1",
                            "service_account.#": "1",
                            "service_account.0.email": "142008943512-compute@developer.gserviceaccount.com",
                            "service_account.0.scopes.#": "6",
                            "service_account.0.scopes.0": "https://www.googleapis.com/auth/devstorage.read_only",
                            "service_account.0.scopes.1": "https://www.googleapis.com/auth/logging.write",
                            "service_account.0.scopes.2": "https://www.googleapis.com/auth/monitoring.write",
                            "service_account.0.scopes.3": "https://www.googleapis.com/auth/service.management.readonly",
                            "service_account.0.scopes.4": "https://www.googleapis.com/auth/servicecontrol",
                            "service_account.0.scopes.5": "https://www.googleapis.com/auth/trace.append",
                            "shielded_instance_config.#": "1",
                            "shielded_instance_config.0.enable_integrity_monitoring": "true",
                            "shielded_instance_config.0.enable_secure_boot": "false",
                            "shielded_instance_config.0.enable_vtpm": "true",
                            "tags.#": "3",
                            "tags.0": "app",
                            "tags.1": "http-server",
                            "tags.2": "https-server",
                            "tags_fingerprint": "w7OlHCywOmo=",
                            "zone": "europe-west6-a"
                        },
                        "meta": {
                            "schema_version": 6
                        },
                        "tainted": false
                    },
                    "deposed": [],
                    "provider": "provider.google"
                },
                "google_compute_instance.tfer--app-2": {
                    "type": "google_compute_instance",
                    "depends_on": [],
                    "primary": {
                        "id": "projects/data-infinity-374414/zones/europe-west6-a/instances/app-2",
                        "attributes": {
                            "advanced_machine_features.#": "0",
                            "attached_disk.#": "0",
                            "boot_disk.#": "1",
                            "boot_disk.0.auto_delete": "true",
                            "boot_disk.0.device_name": "app-2",
                            "boot_disk.0.disk_encryption_key_raw": "",
                            "boot_disk.0.disk_encryption_key_sha256": "",
                            "boot_disk.0.initialize_params.#": "1",
                            "boot_disk.0.initialize_params.0.image": "https://www.googleapis.com/compute/v1/projects/centos-cloud/global/images/centos-7-v20230203",
                            "boot_disk.0.initialize_params.0.labels.%": "0",
                            "boot_disk.0.initialize_params.0.size": "20",
                            "boot_disk.0.initialize_params.0.type": "pd-balanced",
                            "boot_disk.0.kms_key_self_link": "",
                            "boot_disk.0.mode": "READ_WRITE",
                            "boot_disk.0.source": "https://www.googleapis.com/compute/v1/projects/data-infinity-374414/zones/europe-west6-a/disks/app-2",
                            "can_ip_forward": "false",
                            "confidential_instance_config.#": "1",
                            "confidential_instance_config.0.enable_confidential_compute": "false",
                            "cpu_platform": "Intel Broadwell",
                            "current_status": "RUNNING",
                            "deletion_protection": "false",
                            "description": "",
                            "enable_display": "false",
                            "guest_accelerator.#": "0",
                            "hostname": "",
                            "id": "projects/data-infinity-374414/zones/europe-west6-a/instances/app-2",
                            "instance_id": "1464270176764820806",
                            "label_fingerprint": "-ITvvbWD_xo=",
                            "labels.%": "1",
                            "labels.app": "",
                            "machine_type": "e2-micro",
                            "metadata.%": "1",
                            "metadata.ssh-keys": "al3x961:ecdsa-sha2-nistp256 AAAAE2VjZHNhLXNoYTItbmlzdHAyNTYAAAAIbmlzdHAyNTYAAABBBHOdeuwsWXG+DqraNs/oKoktQJe8cCNSjVRhiQmdiGMB5YjulgA2JG1dQKTYyqbEq8EUCeXVuGWWyV/0Mas/lPc= google-ssh {\"userName\":\"al3x961@gmail.com\",\"expireOn\":\"2023-02-21T18:40:44+0000\"}\nal3x961:ssh-rsa AAAAB3NzaC1yc2EAAAADAQABAAABAGIlGFg06ONgZZGXoJd6TYOJyIiEOAP/tYR7TLrxTwMqZmVNH5fkI+vzop/npZ4PY6EQLs0h4uJWJD4ej+37IJHVMsvIHHteei7Lx4DuUbJcZVboOvmwj/beWA0VVqpLQ1pMM3Cy8gPMFKh8yJmmPDNK+EDq8xGcX6X6XCskZzP1VcC8FPzRj/3of4/d+Ws8ATeh9izmm2c6WSYpsYEgNei58QK0drxC31xnY46qfNjPB3CtCwmUlMcI6ccFDlUrMKLZeatJfDdqFaHB+T4liqvL0o7zAj5z15hnu1jhqdEOi1VHb1+IEVj0YXHOJCupa/J9nkoL0mKgoi1QQXOYBYc= google-ssh {\"userName\":\"al3x961@gmail.com\",\"expireOn\":\"2023-02-21T18:40:58+0000\"}",
                            "metadata_fingerprint": "3tZoer-6lyE=",
                            "min_cpu_platform": "",
                            "name": "app-2",
                            "network_interface.#": "1",
                            "network_interface.0.access_config.#": "1",
                            "network_interface.0.access_config.0.nat_ip": "34.65.133.77",
                            "network_interface.0.access_config.0.network_tier": "PREMIUM",
                            "network_interface.0.access_config.0.public_ptr_domain_name": "",
                            "network_interface.0.alias_ip_range.#": "0",
                            "network_interface.0.ipv6_access_config.#": "0",
                            "network_interface.0.ipv6_access_type": "",
                            "network_interface.0.name": "nic0",
                            "network_interface.0.network": "https://www.googleapis.com/compute/v1/projects/data-infinity-374414/global/networks/default",
                            "network_interface.0.network_ip": "10.172.0.4",
                            "network_interface.0.nic_type": "",
                            "network_interface.0.queue_count": "0",
                            "network_interface.0.stack_type": "IPV4_ONLY",
                            "network_interface.0.subnetwork": "https://www.googleapis.com/compute/v1/projects/data-infinity-374414/regions/europe-west6/subnetworks/default",
                            "network_interface.0.subnetwork_project": "data-infinity-374414",
                            "project": "data-infinity-374414",
                            "reservation_affinity.#": "1",
                            "reservation_affinity.0.specific_reservation.#": "0",
                            "reservation_affinity.0.type": "ANY_RESERVATION",
                            "resource_policies.#": "0",
                            "scheduling.#": "1",
                            "scheduling.0.automatic_restart": "true",
                            "scheduling.0.instance_termination_action": "",
                            "scheduling.0.min_node_cpus": "0",
                            "scheduling.0.node_affinities.#": "0",
                            "scheduling.0.on_host_maintenance": "MIGRATE",
                            "scheduling.0.preemptible": "false",
                            "scheduling.0.provisioning_model": "STANDARD",
                            "scratch_disk.#": "0",
                            "self_link": "https://www.googleapis.com/compute/v1/projects/data-infinity-374414/zones/europe-west6-a/instances/app-2",
                            "service_account.#": "1",
                            "service_account.0.email": "142008943512-compute@developer.gserviceaccount.com",
                            "service_account.0.scopes.#": "6",
                            "service_account.0.scopes.0": "https://www.googleapis.com/auth/devstorage.read_only",
                            "service_account.0.scopes.1": "https://www.googleapis.com/auth/logging.write",
                            "service_account.0.scopes.2": "https://www.googleapis.com/auth/monitoring.write",
                            "service_account.0.scopes.3": "https://www.googleapis.com/auth/service.management.readonly",
                            "service_account.0.scopes.4": "https://www.googleapis.com/auth/servicecontrol",
                            "service_account.0.scopes.5": "https://www.googleapis.com/auth/trace.append",
                            "shielded_instance_config.#": "1",
                            "shielded_instance_config.0.enable_integrity_monitoring": "true",
                            "shielded_instance_config.0.enable_secure_boot": "false",
                            "shielded_instance_config.0.enable_vtpm": "true",
                            "tags.#": "3",
                            "tags.0": "app",
                            "tags.1": "http-server",
                            "tags.2": "https-server",
                            "tags_fingerprint": "w7OlHCywOmo=",
                            "zone": "europe-west6-a"
                        },
                        "meta": {
                            "schema_version": 6
                        },
                        "tainted": false
                    },
                    "deposed": [],
                    "provider": "provider.google"
                },
                "google_compute_instance.tfer--jenkinsu": {
                    "type": "google_compute_instance",
                    "depends_on": [],
                    "primary": {
                        "id": "projects/data-infinity-374414/zones/europe-west6-a/instances/jenkinsu",
                        "attributes": {
                            "advanced_machine_features.#": "0",
                            "attached_disk.#": "0",
                            "boot_disk.#": "1",
                            "boot_disk.0.auto_delete": "true",
                            "boot_disk.0.device_name": "jenkinsu",
                            "boot_disk.0.disk_encryption_key_raw": "",
                            "boot_disk.0.disk_encryption_key_sha256": "",
                            "boot_disk.0.initialize_params.#": "1",
                            "boot_disk.0.initialize_params.0.image": "https://www.googleapis.com/compute/v1/projects/centos-cloud/global/images/centos-7-v20230203",
                            "boot_disk.0.initialize_params.0.labels.%": "0",
                            "boot_disk.0.initialize_params.0.size": "50",
                            "boot_disk.0.initialize_params.0.type": "pd-balanced",
                            "boot_disk.0.kms_key_self_link": "",
                            "boot_disk.0.mode": "READ_WRITE",
                            "boot_disk.0.source": "https://www.googleapis.com/compute/v1/projects/data-infinity-374414/zones/europe-west6-a/disks/jenkinsu",
                            "can_ip_forward": "false",
                            "confidential_instance_config.#": "1",
                            "confidential_instance_config.0.enable_confidential_compute": "false",
                            "cpu_platform": "Intel Broadwell",
                            "current_status": "RUNNING",
                            "deletion_protection": "false",
                            "description": "",
                            "enable_display": "false",
                            "guest_accelerator.#": "0",
                            "hostname": "",
                            "id": "projects/data-infinity-374414/zones/europe-west6-a/instances/jenkinsu",
                            "instance_id": "7471733876772306339",
                            "label_fingerprint": "42WmSpB8rSM=",
                            "labels.%": "0",
                            "machine_type": "e2-medium",
                            "metadata.%": "1",
                            "metadata.ssh-keys": "al3x961:ecdsa-sha2-nistp256 AAAAE2VjZHNhLXNoYTItbmlzdHAyNTYAAAAIbmlzdHAyNTYAAABBBFoRTbAhb48/D+EgaBg9/kHTaUC0VZZsXSo7ysNYmlk5FqcqcdDMhqHntCBeCSWCMlt/2usRrJ5LNfbe0WBsNgg= google-ssh {\"userName\":\"al3x961@gmail.com\",\"expireOn\":\"2023-02-21T18:46:47+0000\"}\nal3x961:ssh-rsa AAAAB3NzaC1yc2EAAAADAQABAAABAQCvOkTOYgD6bJpCTHZ9EjJne5S2Zij5ioMMJ1/78DERW4rhvB9FTS/X4cA+ys1GqDS3V119au6jN2+apOcG2MY+peIHKKrOK4uj3np0v44I/wJQ1wm9cvq/jHrB4gnPkXIQr5q5XgSqZBrFyPla3V20I4rQ9UlfTUh83GtgXGIPGDML7U1x+iutAVdGz4yfpyg6WBSzR/T6PpIVzA7rValaQW25VIlTi9SHqD6hRUjhDndlWlOF01+VJ8Vy0J7NOjW5wfCv2Y9kSqJiyz/oUlFFUrj37PG/g2pkHGJMEAXgeFSH+b40NVc8qBlRbP9P6C3ZpNHGjMIEjgn46w9/8rFn google-ssh {\"userName\":\"al3x961@gmail.com\",\"expireOn\":\"2023-02-21T18:47:01+0000\"}",
                            "metadata_fingerprint": "jlPwr_00xBg=",
                            "min_cpu_platform": "",
                            "name": "jenkinsu",
                            "network_interface.#": "1",
                            "network_interface.0.access_config.#": "1",
                            "network_interface.0.access_config.0.nat_ip": "34.65.41.25",
                            "network_interface.0.access_config.0.network_tier": "PREMIUM",
                            "network_interface.0.access_config.0.public_ptr_domain_name": "",
                            "network_interface.0.alias_ip_range.#": "0",
                            "network_interface.0.ipv6_access_config.#": "0",
                            "network_interface.0.ipv6_access_type": "",
                            "network_interface.0.name": "nic0",
                            "network_interface.0.network": "https://www.googleapis.com/compute/v1/projects/data-infinity-374414/global/networks/default",
                            "network_interface.0.network_ip": "10.172.0.2",
                            "network_interface.0.nic_type": "",
                            "network_interface.0.queue_count": "0",
                            "network_interface.0.stack_type": "IPV4_ONLY",
                            "network_interface.0.subnetwork": "https://www.googleapis.com/compute/v1/projects/data-infinity-374414/regions/europe-west6/subnetworks/default",
                            "network_interface.0.subnetwork_project": "data-infinity-374414",
                            "project": "data-infinity-374414",
                            "reservation_affinity.#": "1",
                            "reservation_affinity.0.specific_reservation.#": "0",
                            "reservation_affinity.0.type": "ANY_RESERVATION",
                            "resource_policies.#": "0",
                            "scheduling.#": "1",
                            "scheduling.0.automatic_restart": "true",
                            "scheduling.0.instance_termination_action": "",
                            "scheduling.0.min_node_cpus": "0",
                            "scheduling.0.node_affinities.#": "0",
                            "scheduling.0.on_host_maintenance": "MIGRATE",
                            "scheduling.0.preemptible": "false",
                            "scheduling.0.provisioning_model": "STANDARD",
                            "scratch_disk.#": "0",
                            "self_link": "https://www.googleapis.com/compute/v1/projects/data-infinity-374414/zones/europe-west6-a/instances/jenkinsu",
                            "service_account.#": "1",
                            "service_account.0.email": "142008943512-compute@developer.gserviceaccount.com",
                            "service_account.0.scopes.#": "7",
                            "service_account.0.scopes.0": "https://www.googleapis.com/auth/compute.readonly",
                            "service_account.0.scopes.1": "https://www.googleapis.com/auth/devstorage.read_only",
                            "service_account.0.scopes.2": "https://www.googleapis.com/auth/logging.write",
                            "service_account.0.scopes.3": "https://www.googleapis.com/auth/monitoring.write",
                            "service_account.0.scopes.4": "https://www.googleapis.com/auth/service.management.readonly",
                            "service_account.0.scopes.5": "https://www.googleapis.com/auth/servicecontrol",
                            "service_account.0.scopes.6": "https://www.googleapis.com/auth/trace.append",
                            "shielded_instance_config.#": "1",
                            "shielded_instance_config.0.enable_integrity_monitoring": "true",
                            "shielded_instance_config.0.enable_secure_boot": "false",
                            "shielded_instance_config.0.enable_vtpm": "true",
                            "tags.#": "3",
                            "tags.0": "http-server",
                            "tags.1": "https-server",
                            "tags.2": "jenkins",
                            "tags_fingerprint": "tEtMM7eQal0=",
                            "zone": "europe-west6-a"
                        },
                        "meta": {
                            "schema_version": 6
                        },
                        "tainted": false
                    },
                    "deposed": [],
                    "provider": "provider.google"
                }
            },
            "depends_on": []
        }
    ]
}
